
Microsoft Visual Studio Solution File, Format Version 12.00
# Visual Studio Version 16
VisualStudioVersion = 16.0.32407.337
MinimumVisualStudioVersion = 10.0.40219.1
Project("{FAE04EC0-301F-11D3-BF4B-00C04F79EFBC}") = "AzureFunctionWithOpenAPITest", "AzureFunctionWithOpenAPITest\AzureFunctionWithOpenAPITest.csproj", "{CD82BFC3-66B3-411A-83DD-1AC5F88BA1DB}"
EndProject
Global
	GlobalSection(SolutionConfigurationPlatforms) = preSolution
		Debug|Any CPU = Debug|Any CPU
		Release|Any CPU = Release|Any CPU
	EndGlobalSection
	GlobalSection(ProjectConfigurationPlatforms) = postSolution
		{CD82BFC3-66B3-411A-83DD-1AC5F88BA1DB}.Debug|Any CPU.ActiveCfg = Debug|Any CPU
		{CD82BFC3-66B3-411A-83DD-1AC5F88BA1DB}.Debug|Any CPU.Build.0 = Debug|Any CPU
		{CD82BFC3-66B3-411A-83DD-1AC5F88BA1DB}.Release|Any CPU.ActiveCfg = Release|Any CPU
		{CD82BFC3-66B3-411A-83DD-1AC5F88BA1DB}.Release|Any CPU.Build.0 = Release|Any CPU
	EndGlobalSection
	GlobalSection(SolutionProperties) = preSolution
		HideSolutionNode = FALSE
	EndGlobalSection
	GlobalSection(ExtensibilityGlobals) = postSolution
		SolutionGuid = {46FCCE42-7B6D-42AA-81A7-4BB41A09DA25}
	EndGlobalSection
EndGlobal
